{
    "requires": true,
    "lockfileVersion": 1,
    "dependencies": {
        "@sweetalert2/ngx-sweetalert2": {
            "version": "5.0.3",
            "resolved": "https://registry.npmjs.org/@sweetalert2/ngx-sweetalert2/-/ngx-sweetalert2-5.0.3.tgz",
            "integrity": "sha512-4bnzroFENZ51Gc68pJ/M/37ofNnOssTWCPjaLHa7t1OLf8dLKHOt7u5eISFPiK5wUrCD0lYAWrqiDD1gqTBSsg==",
            "requires": {
                "tslib": "^1.9.0"
            }
        },
        "sweetalert2": {
            "version": "8.11.6",
            "resolved": "https://registry.npmjs.org/sweetalert2/-/sweetalert2-8.11.6.tgz",
            "integrity": "sha512-UFtFNdlwk+NgsRIlGMFA/yz9Pq7D8c32Y11TGEc4t3avrn8f0EFlxP2+Q0JLL219w6PsEglZFfVDmIDEr1816Q=="
        },
        "tslib": {
            "version": "1.9.3",
            "resolved": "https://registry.npmjs.org/tslib/-/tslib-1.9.3.tgz",
            "integrity": "sha512-4krF8scpejhaOgqzBEcGM7yDIEfi0/8+8zDRZhNZZ2kjmHJ4hv3zCbQWxoJGz1iw5U0Jl0nma13xzHXcncMavQ=="
        }
    }
}
